# DO NOT EDIT MANUALLY - Managed by Fern Replay
version: "1.0"
generations:
  - commit_sha: 56c506cfe77b232c5aa507fb027da736403022a1
    tree_hash: 616305cb64a5f194764ef41bc5a0c42e76397914
    timestamp: 2026-10-09T19:00:55.205Z
    cli_version: unknown
    generator_versions: {}
current_generation: 56c506cfe77b232c5aa507fb027da736403022a1
patches: []
